
Microsoft Visual Studio Solution File, Format Version 12.00
# Visual Studio Version 16
VisualStudioVersion = 16.0.34031.81
MinimumVisualStudioVersion = 10.0.40219.1
Project("{2150E333-8FDC-42A3-9474-1A3956D46DE8}") = "Task0", "Task0", "{1C0FA717-653B-47E2-8952-3FF465BEB18A}"
EndProject
Project("{FAE04EC0-301F-11D3-BF4B-00C04F79EFBC}") = "Tyuiu.MalsagovUA.Sprint1.Task0.V23", "Tyuiu.MalsagovUA.Sprint1.Task0.V23\Tyuiu.MalsagovUA.Sprint1.Task0.V23.csproj", "{B2B99029-3252-4324-97ED-25DFC1A5C11C}"
EndProject
Project("{FAE04EC0-301F-11D3-BF4B-00C04F79EFBC}") = "Tyuiu.MalsagovUA.Sprint1.Task0.V23.Lib", "Tyuiu.MalsagovUA.Sprint1.Task0.V23.Lib\Tyuiu.MalsagovUA.Sprint1.Task0.V23.Lib.csproj", "{96494FF7-0968-4739-A0BC-75DC9F067226}"
EndProject
Project("{FAE04EC0-301F-11D3-BF4B-00C04F79EFBC}") = "Tyuiu.MalsagovUA.Sprint1.Task0.V23.Test", "Tyuiu.MalsagovUA.Sprint1.Task0.V23.Test\Tyuiu.MalsagovUA.Sprint1.Task0.V23.Test.csproj", "{EDA941C3-038F-40F4-BF05-3C390D40B65C}"
EndProject
Project("{2150E333-8FDC-42A3-9474-1A3956D46DE8}") = "Task1", "Task1", "{D5CF25D3-4AEE-4DF8-A8E1-C50D61D42DA3}"
EndProject
Project("{FAE04EC0-301F-11D3-BF4B-00C04F79EFBC}") = "Tyuiu.MalsagovUA.Sprint1.Task1.V1", "Tyuiu.MalsagovUA.Sprint1.Task1.V1\Tyuiu.MalsagovUA.Sprint1.Task1.V1.csproj", "{E6D0F80E-9C4D-4405-8327-C4301AB0B2C5}"
EndProject
Project("{FAE04EC0-301F-11D3-BF4B-00C04F79EFBC}") = "Tyuiu.MalsagovUA.Sprint1.Task1.V1.Lib", "Tyuiu.MalsagovUA.Sprint1.Task1.V1.Lib\Tyuiu.MalsagovUA.Sprint1.Task1.V1.Lib.csproj", "{BEDCB4D4-108B-4B66-9834-C6F747B26BF0}"
EndProject
Project("{FAE04EC0-301F-11D3-BF4B-00C04F79EFBC}") = "Tyuiu.MalsagovUA.Sprint1.Task1.V1.Test", "Tyuiu.MalsagovUA.Sprint1.Task1.V1.Test\Tyuiu.MalsagovUA.Sprint1.Task1.V1.Test.csproj", "{F9C3DE9E-F33F-4E59-8B7B-5245F985A87F}"
EndProject
Project("{2150E333-8FDC-42A3-9474-1A3956D46DE8}") = "Task2", "Task2", "{5ADBC6B1-E5A5-479F-A73F-202F89CFB4C5}"
EndProject
Project("{FAE04EC0-301F-11D3-BF4B-00C04F79EFBC}") = "Tyuiu.MalsagovUA.Sprint1.Task2.V10", "Tyuiu.MalsagovUA.Sprint1.Task2.V10\Tyuiu.MalsagovUA.Sprint1.Task2.V10.csproj", "{03AD837B-358E-47CD-B4D3-DC50F125CCC4}"
EndProject
Project("{FAE04EC0-301F-11D3-BF4B-00C04F79EFBC}") = "Tyuiu.MalsagovUA.Sprint1.Task2.V10.Lib", "Tyuiu.MalsagovUA.Sprint1.Task2.V10.Lib\Tyuiu.MalsagovUA.Sprint1.Task2.V10.Lib.csproj", "{FA721C35-84EB-4240-B67B-E1D1EC588BE3}"
EndProject
Project("{FAE04EC0-301F-11D3-BF4B-00C04F79EFBC}") = "Tyuiu.MalsagovUA.Sprint1.Task2.V10.Test", "Tyuiu.MalsagovUA.Sprint1.Task2.V10.Test\Tyuiu.MalsagovUA.Sprint1.Task2.V10.Test.csproj", "{AA24CCF8-295F-4EDE-B995-84450C217401}"
EndProject
Global
	GlobalSection(SolutionConfigurationPlatforms) = preSolution
		Debug|Any CPU = Debug|Any CPU
		Release|Any CPU = Release|Any CPU
	EndGlobalSection
	GlobalSection(ProjectConfigurationPlatforms) = postSolution
		{B2B99029-3252-4324-97ED-25DFC1A5C11C}.Debug|Any CPU.ActiveCfg = Debug|Any CPU
		{B2B99029-3252-4324-97ED-25DFC1A5C11C}.Debug|Any CPU.Build.0 = Debug|Any CPU
		{B2B99029-3252-4324-97ED-25DFC1A5C11C}.Release|Any CPU.ActiveCfg = Release|Any CPU
		{B2B99029-3252-4324-97ED-25DFC1A5C11C}.Release|Any CPU.Build.0 = Release|Any CPU
		{96494FF7-0968-4739-A0BC-75DC9F067226}.Debug|Any CPU.ActiveCfg = Debug|Any CPU
		{96494FF7-0968-4739-A0BC-75DC9F067226}.Debug|Any CPU.Build.0 = Debug|Any CPU
		{96494FF7-0968-4739-A0BC-75DC9F067226}.Release|Any CPU.ActiveCfg = Release|Any CPU
		{96494FF7-0968-4739-A0BC-75DC9F067226}.Release|Any CPU.Build.0 = Release|Any CPU
		{EDA941C3-038F-40F4-BF05-3C390D40B65C}.Debug|Any CPU.ActiveCfg = Debug|Any CPU
		{EDA941C3-038F-40F4-BF05-3C390D40B65C}.Debug|Any CPU.Build.0 = Debug|Any CPU
		{EDA941C3-038F-40F4-BF05-3C390D40B65C}.Release|Any CPU.ActiveCfg = Release|Any CPU
		{EDA941C3-038F-40F4-BF05-3C390D40B65C}.Release|Any CPU.Build.0 = Release|Any CPU
		{E6D0F80E-9C4D-4405-8327-C4301AB0B2C5}.Debug|Any CPU.ActiveCfg = Debug|Any CPU
		{E6D0F80E-9C4D-4405-8327-C4301AB0B2C5}.Debug|Any CPU.Build.0 = Debug|Any CPU
		{E6D0F80E-9C4D-4405-8327-C4301AB0B2C5}.Release|Any CPU.ActiveCfg = Release|Any CPU
		{E6D0F80E-9C4D-4405-8327-C4301AB0B2C5}.Release|Any CPU.Build.0 = Release|Any CPU
		{BEDCB4D4-108B-4B66-9834-C6F747B26BF0}.Debug|Any CPU.ActiveCfg = Debug|Any CPU
		{BEDCB4D4-108B-4B66-9834-C6F747B26BF0}.Debug|Any CPU.Build.0 = Debug|Any CPU
		{BEDCB4D4-108B-4B66-9834-C6F747B26BF0}.Release|Any CPU.ActiveCfg = Release|Any CPU
		{BEDCB4D4-108B-4B66-9834-C6F747B26BF0}.Release|Any CPU.Build.0 = Release|Any CPU
		{F9C3DE9E-F33F-4E59-8B7B-5245F985A87F}.Debug|Any CPU.ActiveCfg = Debug|Any CPU
		{F9C3DE9E-F33F-4E59-8B7B-5245F985A87F}.Debug|Any CPU.Build.0 = Debug|Any CPU
		{F9C3DE9E-F33F-4E59-8B7B-5245F985A87F}.Release|Any CPU.ActiveCfg = Release|Any CPU
		{F9C3DE9E-F33F-4E59-8B7B-5245F985A87F}.Release|Any CPU.Build.0 = Release|Any CPU
		{03AD837B-358E-47CD-B4D3-DC50F125CCC4}.Debug|Any CPU.ActiveCfg = Debug|Any CPU
		{03AD837B-358E-47CD-B4D3-DC50F125CCC4}.Debug|Any CPU.Build.0 = Debug|Any CPU
		{03AD837B-358E-47CD-B4D3-DC50F125CCC4}.Release|Any CPU.ActiveCfg = Release|Any CPU
		{03AD837B-358E-47CD-B4D3-DC50F125CCC4}.Release|Any CPU.Build.0 = Release|Any CPU
		{FA721C35-84EB-4240-B67B-E1D1EC588BE3}.Debug|Any CPU.ActiveCfg = Debug|Any CPU
		{FA721C35-84EB-4240-B67B-E1D1EC588BE3}.Debug|Any CPU.Build.0 = Debug|Any CPU
		{FA721C35-84EB-4240-B67B-E1D1EC588BE3}.Release|Any CPU.ActiveCfg = Release|Any CPU
		{FA721C35-84EB-4240-B67B-E1D1EC588BE3}.Release|Any CPU.Build.0 = Release|Any CPU
		{AA24CCF8-295F-4EDE-B995-84450C217401}.Debug|Any CPU.ActiveCfg = Debug|Any CPU
		{AA24CCF8-295F-4EDE-B995-84450C217401}.Debug|Any CPU.Build.0 = Debug|Any CPU
		{AA24CCF8-295F-4EDE-B995-84450C217401}.Release|Any CPU.ActiveCfg = Release|Any CPU
		{AA24CCF8-295F-4EDE-B995-84450C217401}.Release|Any CPU.Build.0 = Release|Any CPU
	EndGlobalSection
	GlobalSection(SolutionProperties) = preSolution
		HideSolutionNode = FALSE
	EndGlobalSection
	GlobalSection(NestedProjects) = preSolution
		{B2B99029-3252-4324-97ED-25DFC1A5C11C} = {1C0FA717-653B-47E2-8952-3FF465BEB18A}
		{96494FF7-0968-4739-A0BC-75DC9F067226} = {1C0FA717-653B-47E2-8952-3FF465BEB18A}
		{EDA941C3-038F-40F4-BF05-3C390D40B65C} = {1C0FA717-653B-47E2-8952-3FF465BEB18A}
		{E6D0F80E-9C4D-4405-8327-C4301AB0B2C5} = {D5CF25D3-4AEE-4DF8-A8E1-C50D61D42DA3}
		{BEDCB4D4-108B-4B66-9834-C6F747B26BF0} = {D5CF25D3-4AEE-4DF8-A8E1-C50D61D42DA3}
		{F9C3DE9E-F33F-4E59-8B7B-5245F985A87F} = {D5CF25D3-4AEE-4DF8-A8E1-C50D61D42DA3}
		{03AD837B-358E-47CD-B4D3-DC50F125CCC4} = {5ADBC6B1-E5A5-479F-A73F-202F89CFB4C5}
		{FA721C35-84EB-4240-B67B-E1D1EC588BE3} = {5ADBC6B1-E5A5-479F-A73F-202F89CFB4C5}
		{AA24CCF8-295F-4EDE-B995-84450C217401} = {5ADBC6B1-E5A5-479F-A73F-202F89CFB4C5}
	EndGlobalSection
	GlobalSection(ExtensibilityGlobals) = postSolution
		SolutionGuid = {14015DFA-C423-4D87-97C6-6D49D7F5D949}
	EndGlobalSection
EndGlobal
